
Microsoft Visual Studio Solution File, Format Version 12.00
# Visual Studio Version 17
VisualStudioVersion = 17.7.34031.279
MinimumVisualStudioVersion = 10.0.40219.1
Project("{FAE04EC0-301F-11D3-BF4B-00C04F79EFBC}") = "PaxPamir", "PaxPamir\PaxPamir.csproj", "{231FEC75-AEB7-4318-B99C-674ACB7F556D}"
EndProject
Global
	GlobalSection(SolutionConfigurationPlatforms) = preSolution
		Debug|Any CPU = Debug|Any CPU
		Release|Any CPU = Release|Any CPU
	EndGlobalSection
	GlobalSection(ProjectConfigurationPlatforms) = postSolution
		{231FEC75-AEB7-4318-B99C-674ACB7F556D}.Debug|Any CPU.ActiveCfg = Debug|Any CPU
		{231FEC75-AEB7-4318-B99C-674ACB7F556D}.Debug|Any CPU.Build.0 = Debug|Any CPU
		{231FEC75-AEB7-4318-B99C-674ACB7F556D}.Release|Any CPU.ActiveCfg = Release|Any CPU
		{231FEC75-AEB7-4318-B99C-674ACB7F556D}.Release|Any CPU.Build.0 = Release|Any CPU
	EndGlobalSection
	GlobalSection(SolutionProperties) = preSolution
		HideSolutionNode = FALSE
	EndGlobalSection
	GlobalSection(ExtensibilityGlobals) = postSolution
		SolutionGuid = {E1E1605C-FC6F-47D2-9F72-ADAE89FA722B}
	EndGlobalSection
EndGlobal
